
Microsoft Visual Studio Solution File, Format Version 12.00
# Visual Studio Version 17
VisualStudioVersion = 17.13.35931.197 d17.13
MinimumVisualStudioVersion = 10.0.40219.1
Project("{8BC9CEB8-8B4A-11D0-8D11-00A0C91BC942}") = "Learn", "Learn.vcxproj", "{35790E05-6707-45F5-9711-D8BD09B9BD17}"
EndProject
Global
	GlobalSection(SolutionConfigurationPlatforms) = preSolution
		Debug|x64 = Debug|x64
		Debug|x86 = Debug|x86
		Release|x64 = Release|x64
		Release|x86 = Release|x86
	EndGlobalSection
	GlobalSection(ProjectConfigurationPlatforms) = postSolution
		{35790E05-6707-45F5-9711-D8BD09B9BD17}.Debug|x64.ActiveCfg = Debug|x64
		{35790E05-6707-45F5-9711-D8BD09B9BD17}.Debug|x64.Build.0 = Debug|x64
		{35790E05-6707-45F5-9711-D8BD09B9BD17}.Debug|x86.ActiveCfg = Debug|Win32
		{35790E05-6707-45F5-9711-D8BD09B9BD17}.Debug|x86.Build.0 = Debug|Win32
		{35790E05-6707-45F5-9711-D8BD09B9BD17}.Release|x64.ActiveCfg = Release|x64
		{35790E05-6707-45F5-9711-D8BD09B9BD17}.Release|x64.Build.0 = Release|x64
		{35790E05-6707-45F5-9711-D8BD09B9BD17}.Release|x86.ActiveCfg = Release|Win32
		{35790E05-6707-45F5-9711-D8BD09B9BD17}.Release|x86.Build.0 = Release|Win32
	EndGlobalSection
	GlobalSection(SolutionProperties) = preSolution
		HideSolutionNode = FALSE
	EndGlobalSection
	GlobalSection(ExtensibilityGlobals) = postSolution
		SolutionGuid = {44000F5B-FF18-4AED-80CE-5CCD138283C7}
	EndGlobalSection
EndGlobal
